{
  "name": "blog",
  "lockfileVersion": 2,
  "requires": true,
  "packages": {
    "": {
      "dependencies": {
        "bootstrap-icons": "^1.8.2",
        "stimulus_reflex": "3.4.1"
      }
    },
    "node_modules/@rails/actioncable": {
      "version": "7.0.2",
      "resolved": "https://registry.npmjs.org/@rails/actioncable/-/actioncable-7.0.2.tgz",
      "integrity": "sha512-G26maXW1Kx0LxQdmNNuNjQlRO/QlXNr3QfuwKiOKb5FZQGYe2OwtHTGXBAjSoiu4dW36XYMT/+L1Wo1Yov4ZXA==",
      "license": "MIT"
    },
    "node_modules/bootstrap-icons": {
      "version": "1.8.2",
      "resolved": "https://registry.npmjs.org/bootstrap-icons/-/bootstrap-icons-1.8.2.tgz",
      "integrity": "sha512-jhNjdPzvUqKOr9o0XhCZAZDWVeuOg6mJHtSj2bhiqfamZVg6ekMYNgG7pRY4GItbjIwrTaht3dNbXGbX3eJNLQ=="
    },
    "node_modules/cable_ready": {
      "version": "4.5.0",
      "resolved": "https://registry.npmjs.org/cable_ready/-/cable_ready-4.5.0.tgz",
      "integrity": "sha512-9bom1DuYe1teBdRckgKWjg+rWRLWrkOvkhzlXkhb33X+Pfu/QK9e4vGk6hGK9PVKVr0SYZC41dByFGknW4spLg==",
      "license": "MIT",
      "dependencies": {
        "morphdom": "^2.6.1"
      }
    },
    "node_modules/morphdom": {
      "version": "2.6.1",
      "resolved": "https://registry.npmjs.org/morphdom/-/morphdom-2.6.1.tgz",
      "integrity": "sha512-Y8YRbAEP3eKykroIBWrjcfMw7mmwJfjhqdpSvoqinu8Y702nAwikpXcNFDiIkyvfCLxLM9Wu95RZqo4a9jFBaA==",
      "license": "MIT"
    },
    "node_modules/stimulus_reflex": {
      "version": "3.4.1",
      "resolved": "https://registry.npmjs.org/stimulus_reflex/-/stimulus_reflex-3.4.1.tgz",
      "integrity": "sha512-YbFcuE4HndNe9RBQvF/Vu+7GDt0zLGdhQTXuGfLDVti1qggPG3kPgV1YBZ9volzBTGUmLp2PQbxG9j5AIyYp5A==",
      "hasInstallScript": true,
      "license": "MIT",
      "dependencies": {
        "@rails/actioncable": ">= 6.0",
        "cable_ready": ">= 4.5.0"
      },
      "peerDependencies": {
        "stimulus": ">= 1.1"
      }
    }
  },
  "dependencies": {
    "@rails/actioncable": {
      "version": "7.0.2",
      "resolved": "https://registry.npmjs.org/@rails/actioncable/-/actioncable-7.0.2.tgz",
      "integrity": "sha512-G26maXW1Kx0LxQdmNNuNjQlRO/QlXNr3QfuwKiOKb5FZQGYe2OwtHTGXBAjSoiu4dW36XYMT/+L1Wo1Yov4ZXA=="
    },
    "bootstrap-icons": {
      "version": "1.8.2",
      "resolved": "https://registry.npmjs.org/bootstrap-icons/-/bootstrap-icons-1.8.2.tgz",
      "integrity": "sha512-jhNjdPzvUqKOr9o0XhCZAZDWVeuOg6mJHtSj2bhiqfamZVg6ekMYNgG7pRY4GItbjIwrTaht3dNbXGbX3eJNLQ=="
    },
    "cable_ready": {
      "version": "4.5.0",
      "resolved": "https://registry.npmjs.org/cable_ready/-/cable_ready-4.5.0.tgz",
      "integrity": "sha512-9bom1DuYe1teBdRckgKWjg+rWRLWrkOvkhzlXkhb33X+Pfu/QK9e4vGk6hGK9PVKVr0SYZC41dByFGknW4spLg==",
      "requires": {
        "morphdom": "^2.6.1"
      }
    },
    "morphdom": {
      "version": "2.6.1",
      "resolved": "https://registry.npmjs.org/morphdom/-/morphdom-2.6.1.tgz",
      "integrity": "sha512-Y8YRbAEP3eKykroIBWrjcfMw7mmwJfjhqdpSvoqinu8Y702nAwikpXcNFDiIkyvfCLxLM9Wu95RZqo4a9jFBaA=="
    },
    "stimulus_reflex": {
      "version": "3.4.1",
      "resolved": "https://registry.npmjs.org/stimulus_reflex/-/stimulus_reflex-3.4.1.tgz",
      "integrity": "sha512-YbFcuE4HndNe9RBQvF/Vu+7GDt0zLGdhQTXuGfLDVti1qggPG3kPgV1YBZ9volzBTGUmLp2PQbxG9j5AIyYp5A==",
      "requires": {
        "@rails/actioncable": ">= 6.0",
        "cable_ready": ">= 4.5.0"
      }
    }
  }
}
